
Microsoft Visual Studio Solution File, Format Version 12.00
# Visual Studio Version 17
VisualStudioVersion = 17.14.36511.14 d17.14
MinimumVisualStudioVersion = 10.0.40219.1
Project("{FAE04EC0-301F-11D3-BF4B-00C04F79EFBC}") = "SalePredict", "SalePredict\SalePredict.csproj", "{81BFED00-71FD-463B-A7B9-84440033EDAA}"
EndProject
Global
	GlobalSection(SolutionConfigurationPlatforms) = preSolution
		Debug|Any CPU = Debug|Any CPU
		Release|Any CPU = Release|Any CPU
	EndGlobalSection
	GlobalSection(ProjectConfigurationPlatforms) = postSolution
		{81BFED00-71FD-463B-A7B9-84440033EDAA}.Debug|Any CPU.ActiveCfg = Debug|Any CPU
		{81BFED00-71FD-463B-A7B9-84440033EDAA}.Debug|Any CPU.Build.0 = Debug|Any CPU
		{81BFED00-71FD-463B-A7B9-84440033EDAA}.Release|Any CPU.ActiveCfg = Release|Any CPU
		{81BFED00-71FD-463B-A7B9-84440033EDAA}.Release|Any CPU.Build.0 = Release|Any CPU
	EndGlobalSection
	GlobalSection(SolutionProperties) = preSolution
		HideSolutionNode = FALSE
	EndGlobalSection
	GlobalSection(ExtensibilityGlobals) = postSolution
		SolutionGuid = {997D264A-A397-4D08-9DF2-20C560F6F9EA}
	EndGlobalSection
EndGlobal
